// !$*UTF8*$!
{
	archiveVersion = 1;
	classes = {
	};
	objectVersion = 50;
	objects = {

/* Begin PBXBuildFile section */
		57E17AC72268D13000E0B0C8 /* BaseView.swift in Sources */ = {isa = PBXBuildFile; fileRef = 57E17AC62268D13000E0B0C8 /* BaseView.swift */; };
		57E17AC92268D49300E0B0C8 /* OpenGLView.swift in Sources */ = {isa = PBXBuildFile; fileRef = 57E17AC82268D49300E0B0C8 /* OpenGLView.swift */; };
		57E484982267349B000A2AF7 /* AppDelegate.swift in Sources */ = {isa = PBXBuildFile; fileRef = 57E484972267349B000A2AF7 /* AppDelegate.swift */; };
		57E4849A2267349B000A2AF7 /* ViewController.swift in Sources */ = {isa = PBXBuildFile; fileRef = 57E484992267349B000A2AF7 /* ViewController.swift */; };
		57E4849C2267349C000A2AF7 /* Assets.xcassets in Resources */ = {isa = PBXBuildFile; fileRef = 57E4849B2267349C000A2AF7 /* Assets.xcassets */; };
		57E4849F2267349C000A2AF7 /* Main.storyboard in Resources */ = {isa = PBXBuildFile; fileRef = 57E4849D2267349C000A2AF7 /* Main.storyboard */; };
		57E484AA226735CB000A2AF7 /* ABE.framework in Frameworks */ = {isa = PBXBuildFile; fileRef = 57E484A8226735CB000A2AF7 /* ABE.framework */; };
		57E484AB226735CB000A2AF7 /* MediaFramework.framework in Frameworks */ = {isa = PBXBuildFile; fileRef = 57E484A9226735CB000A2AF7 /* MediaFramework.framework */; };
		57E484AD226735E5000A2AF7 /* ABE.framework in Copy Frameworks */ = {isa = PBXBuildFile; fileRef = 57E484A8226735CB000A2AF7 /* ABE.framework */; settings = {ATTRIBUTES = (CodeSignOnCopy, RemoveHeadersOnCopy, ); }; };
		57E484AE226735E5000A2AF7 /* MediaFramework.framework in Copy Frameworks */ = {isa = PBXBuildFile; fileRef = 57E484A9226735CB000A2AF7 /* MediaFramework.framework */; settings = {ATTRIBUTES = (CodeSignOnCopy, RemoveHeadersOnCopy, ); }; };
		57E484B022673650000A2AF7 /* YUVReader.swift in Sources */ = {isa = PBXBuildFile; fileRef = 57E484AF22673650000A2AF7 /* YUVReader.swift */; };
/* End PBXBuildFile section */

/* Begin PBXCopyFilesBuildPhase section */
		57E484AC226735D7000A2AF7 /* Copy Frameworks */ = {
			isa = PBXCopyFilesBuildPhase;
			buildActionMask = 8;
			dstPath = "";
			dstSubfolderSpec = 10;
			files = (
				57E484AD226735E5000A2AF7 /* ABE.framework in Copy Frameworks */,
				57E484AE226735E5000A2AF7 /* MediaFramework.framework in Copy Frameworks */,
			);
			name = "Copy Frameworks";
			runOnlyForDeploymentPostprocessing = 1;
		};
/* End PBXCopyFilesBuildPhase section */

/* Begin PBXFileReference section */
		57E17AC62268D13000E0B0C8 /* BaseView.swift */ = {isa = PBXFileReference; fileEncoding = 4; lastKnownFileType = sourcecode.swift; path = BaseView.swift; sourceTree = "<group>"; };
		57E17AC82268D49300E0B0C8 /* OpenGLView.swift */ = {isa = PBXFileReference; fileEncoding = 4; lastKnownFileType = sourcecode.swift; path = OpenGLView.swift; sourceTree = "<group>"; };
		57E484942267349B000A2AF7 /* YUVPlayer.app */ = {isa = PBXFileReference; explicitFileType = wrapper.application; includeInIndex = 0; path = YUVPlayer.app; sourceTree = BUILT_PRODUCTS_DIR; };
		57E484972267349B000A2AF7 /* AppDelegate.swift */ = {isa = PBXFileReference; lastKnownFileType = sourcecode.swift; path = AppDelegate.swift; sourceTree = "<group>"; };
		57E484992267349B000A2AF7 /* ViewController.swift */ = {isa = PBXFileReference; lastKnownFileType = sourcecode.swift; path = ViewController.swift; sourceTree = "<group>"; };
		57E4849B2267349C000A2AF7 /* Assets.xcassets */ = {isa = PBXFileReference; lastKnownFileType = folder.assetcatalog; path = Assets.xcassets; sourceTree = "<group>"; };
		57E4849E2267349C000A2AF7 /* Base */ = {isa = PBXFileReference; lastKnownFileType = file.storyboard; name = Base; path = Base.lproj/Main.storyboard; sourceTree = "<group>"; };
		57E484A02267349C000A2AF7 /* Info.plist */ = {isa = PBXFileReference; lastKnownFileType = text.plist.xml; path = Info.plist; sourceTree = "<group>"; };
		57E484A12267349C000A2AF7 /* MacYUV.entitlements */ = {isa = PBXFileReference; lastKnownFileType = text.plist.entitlements; path = MacYUV.entitlements; sourceTree = "<group>"; };
		57E484A8226735CB000A2AF7 /* ABE.framework */ = {isa = PBXFileReference; lastKnownFileType = wrapper.framework; name = ABE.framework; path = ../../Library/Frameworks/ABE.framework; sourceTree = "<group>"; };
		57E484A9226735CB000A2AF7 /* MediaFramework.framework */ = {isa = PBXFileReference; lastKnownFileType = wrapper.framework; name = MediaFramework.framework; path = ../../Library/Frameworks/MediaFramework.framework; sourceTree = "<group>"; };
		57E484AF22673650000A2AF7 /* YUVReader.swift */ = {isa = PBXFileReference; fileEncoding = 4; lastKnownFileType = sourcecode.swift; path = YUVReader.swift; sourceTree = "<group>"; };
/* End PBXFileReference section */

/* Begin PBXFrameworksBuildPhase section */
		57E484912267349B000A2AF7 /* Frameworks */ = {
			isa = PBXFrameworksBuildPhase;
			buildActionMask = 2147483647;
			files = (
				57E484AA226735CB000A2AF7 /* ABE.framework in Frameworks */,
				57E484AB226735CB000A2AF7 /* MediaFramework.framework in Frameworks */,
			);
			runOnlyForDeploymentPostprocessing = 0;
		};
/* End PBXFrameworksBuildPhase section */

/* Begin PBXGroup section */
		57E4848B2267349B000A2AF7 = {
			isa = PBXGroup;
			children = (
				57E484962267349B000A2AF7 /* MacYUV */,
				57E484952267349B000A2AF7 /* Products */,
				57E484A7226735CA000A2AF7 /* Frameworks */,
			);
			sourceTree = "<group>";
		};
		57E484952267349B000A2AF7 /* Products */ = {
			isa = PBXGroup;
			children = (
				57E484942267349B000A2AF7 /* YUVPlayer.app */,
			);
			name = Products;
			sourceTree = "<group>";
		};
		57E484962267349B000A2AF7 /* MacYUV */ = {
			isa = PBXGroup;
			children = (
				57E484972267349B000A2AF7 /* AppDelegate.swift */,
				57E484AF22673650000A2AF7 /* YUVReader.swift */,
				57E17AC82268D49300E0B0C8 /* OpenGLView.swift */,
				57E17AC62268D13000E0B0C8 /* BaseView.swift */,
				57E484992267349B000A2AF7 /* ViewController.swift */,
				57E4849B2267349C000A2AF7 /* Assets.xcassets */,
				57E4849D2267349C000A2AF7 /* Main.storyboard */,
				57E484A02267349C000A2AF7 /* Info.plist */,
				57E484A12267349C000A2AF7 /* MacYUV.entitlements */,
			);
			path = MacYUV;
			sourceTree = "<group>";
		};
		57E484A7226735CA000A2AF7 /* Frameworks */ = {
			isa = PBXGroup;
			children = (
				57E484A8226735CB000A2AF7 /* ABE.framework */,
				57E484A9226735CB000A2AF7 /* MediaFramework.framework */,
			);
			name = Frameworks;
			sourceTree = "<group>";
		};
/* End PBXGroup section */

/* Begin PBXNativeTarget section */
		57E484932267349B000A2AF7 /* YUVPlayer */ = {
			isa = PBXNativeTarget;
			buildConfigurationList = 57E484A42267349C000A2AF7 /* Build configuration list for PBXNativeTarget "YUVPlayer" */;
			buildPhases = (
				57E484902267349B000A2AF7 /* Sources */,
				57E484912267349B000A2AF7 /* Frameworks */,
				57E484922267349B000A2AF7 /* Resources */,
				57E484AC226735D7000A2AF7 /* Copy Frameworks */,
			);
			buildRules = (
			);
			dependencies = (
			);
			name = YUVPlayer;
			productName = MacYUV;
			productReference = 57E484942267349B000A2AF7 /* YUVPlayer.app */;
			productType = "com.apple.product-type.application";
		};
/* End PBXNativeTarget section */

/* Begin PBXProject section */
		57E4848C2267349B000A2AF7 /* Project object */ = {
			isa = PBXProject;
			attributes = {
				LastSwiftUpdateCheck = 1020;
				LastUpgradeCheck = 1020;
				ORGANIZATIONNAME = "Chen Fang";
				TargetAttributes = {
					57E484932267349B000A2AF7 = {
						CreatedOnToolsVersion = 10.2;
					};
				};
			};
			buildConfigurationList = 57E4848F2267349B000A2AF7 /* Build configuration list for PBXProject "YUVPlayer" */;
			compatibilityVersion = "Xcode 9.3";
			developmentRegion = en;
			hasScannedForEncodings = 0;
			knownRegions = (
				en,
				Base,
			);
			mainGroup = 57E4848B2267349B000A2AF7;
			productRefGroup = 57E484952267349B000A2AF7 /* Products */;
			projectDirPath = "";
			projectRoot = "";
			targets = (
				57E484932267349B000A2AF7 /* YUVPlayer */,
			);
		};
/* End PBXProject section */

/* Begin PBXResourcesBuildPhase section */
		57E484922267349B000A2AF7 /* Resources */ = {
			isa = PBXResourcesBuildPhase;
			buildActionMask = 2147483647;
			files = (
				57E4849C2267349C000A2AF7 /* Assets.xcassets in Resources */,
				57E4849F2267349C000A2AF7 /* Main.storyboard in Resources */,
			);
			runOnlyForDeploymentPostprocessing = 0;
		};
/* End PBXResourcesBuildPhase section */

/* Begin PBXSourcesBuildPhase section */
		57E484902267349B000A2AF7 /* Sources */ = {
			isa = PBXSourcesBuildPhase;
			buildActionMask = 2147483647;
			files = (
				57E484B022673650000A2AF7 /* YUVReader.swift in Sources */,
				57E4849A2267349B000A2AF7 /* ViewController.swift in Sources */,
				57E484982267349B000A2AF7 /* AppDelegate.swift in Sources */,
				57E17AC92268D49300E0B0C8 /* OpenGLView.swift in Sources */,
				57E17AC72268D13000E0B0C8 /* BaseView.swift in Sources */,
			);
			runOnlyForDeploymentPostprocessing = 0;
		};
/* End PBXSourcesBuildPhase section */

/* Begin PBXVariantGroup section */
		57E4849D2267349C000A2AF7 /* Main.storyboard */ = {
			isa = PBXVariantGroup;
			children = (
				57E4849E2267349C000A2AF7 /* Base */,
			);
			name = Main.storyboard;
			sourceTree = "<group>";
		};
/* End PBXVariantGroup section */

/* Begin XCBuildConfiguration section */
		57E484A22267349C000A2AF7 /* Debug */ = {
			isa = XCBuildConfiguration;
			buildSettings = {
				ALWAYS_SEARCH_USER_PATHS = NO;
				CLANG_ANALYZER_NONNULL = YES;
				CLANG_ANALYZER_NUMBER_OBJECT_CONVERSION = YES_AGGRESSIVE;
				CLANG_CXX_LANGUAGE_STANDARD = "gnu++14";
				CLANG_CXX_LIBRARY = "libc++";
				CLANG_ENABLE_MODULES = YES;
				CLANG_ENABLE_OBJC_ARC = YES;
				CLANG_ENABLE_OBJC_WEAK = YES;
				CLANG_WARN_BLOCK_CAPTURE_AUTORELEASING = YES;
				CLANG_WARN_BOOL_CONVERSION = YES;
				CLANG_WARN_COMMA = YES;
				CLANG_WARN_CONSTANT_CONVERSION = YES;
				CLANG_WARN_DEPRECATED_OBJC_IMPLEMENTATIONS = YES;
				CLANG_WARN_DIRECT_OBJC_ISA_USAGE = YES_ERROR;
				CLANG_WARN_DOCUMENTATION_COMMENTS = YES;
				CLANG_WARN_EMPTY_BODY = YES;
				CLANG_WARN_ENUM_CONVERSION = YES;
				CLANG_WARN_INFINITE_RECURSION = YES;
				CLANG_WARN_INT_CONVERSION = YES;
				CLANG_WARN_NON_LITERAL_NULL_CONVERSION = YES;
				CLANG_WARN_OBJC_IMPLICIT_RETAIN_SELF = YES;
				CLANG_WARN_OBJC_LITERAL_CONVERSION = YES;
				CLANG_WARN_OBJC_ROOT_CLASS = YES_ERROR;
				CLANG_WARN_RANGE_LOOP_ANALYSIS = YES;
				CLANG_WARN_STRICT_PROTOTYPES = YES;
				CLANG_WARN_SUSPICIOUS_MOVE = YES;
				CLANG_WARN_UNGUARDED_AVAILABILITY = YES_AGGRESSIVE;
				CLANG_WARN_UNREACHABLE_CODE = YES;
				CLANG_WARN__DUPLICATE_METHOD_MATCH = YES;
				CODE_SIGN_IDENTITY = "Mac Developer";
				COPY_PHASE_STRIP = NO;
				DEBUG_INFORMATION_FORMAT = dwarf;
				ENABLE_STRICT_OBJC_MSGSEND = YES;
				ENABLE_TESTABILITY = YES;
				GCC_C_LANGUAGE_STANDARD = gnu11;
				GCC_DYNAMIC_NO_PIC = NO;
				GCC_NO_COMMON_BLOCKS = YES;
				GCC_OPTIMIZATION_LEVEL = 0;
				GCC_PREPROCESSOR_DEFINITIONS = (
					"DEBUG=1",
					"$(inherited)",
				);
				GCC_WARN_64_TO_32_BIT_CONVERSION = YES;
				GCC_WARN_ABOUT_RETURN_TYPE = YES_ERROR;
				GCC_WARN_UNDECLARED_SELECTOR = YES;
				GCC_WARN_UNINITIALIZED_AUTOS = YES_AGGRESSIVE;
				GCC_WARN_UNUSED_FUNCTION = YES;
				GCC_WARN_UNUSED_VARIABLE = YES;
				MACOSX_DEPLOYMENT_TARGET = 10.14;
				MTL_ENABLE_DEBUG_INFO = INCLUDE_SOURCE;
				MTL_FAST_MATH = YES;
				ONLY_ACTIVE_ARCH = YES;
				SDKROOT = macosx;
				SWIFT_ACTIVE_COMPILATION_CONDITIONS = DEBUG;
				SWIFT_OPTIMIZATION_LEVEL = "-Onone";
			};
			name = Debug;
		};
		57E484A32267349C000A2AF7 /* Release */ = {
			isa = XCBuildConfiguration;
			buildSettings = {
				ALWAYS_SEARCH_USER_PATHS = NO;
				CLANG_ANALYZER_NONNULL = YES;
				CLANG_ANALYZER_NUMBER_OBJECT_CONVERSION = YES_AGGRESSIVE;
				CLANG_CXX_LANGUAGE_STANDARD = "gnu++14";
				CLANG_CXX_LIBRARY = "libc++";
				CLANG_ENABLE_MODULES = YES;
				CLANG_ENABLE_OBJC_ARC = YES;
				CLANG_ENABLE_OBJC_WEAK = YES;
				CLANG_WARN_BLOCK_CAPTURE_AUTORELEASING = YES;
				CLANG_WARN_BOOL_CONVERSION = YES;
				CLANG_WARN_COMMA = YES;
				CLANG_WARN_CONSTANT_CONVERSION = YES;
				CLANG_WARN_DEPRECATED_OBJC_IMPLEMENTATIONS = YES;
				CLANG_WARN_DIRECT_OBJC_ISA_USAGE = YES_ERROR;
				CLANG_WARN_DOCUMENTATION_COMMENTS = YES;
				CLANG_WARN_EMPTY_BODY = YES;
				CLANG_WARN_ENUM_CONVERSION = YES;
				CLANG_WARN_INFINITE_RECURSION = YES;
				CLANG_WARN_INT_CONVERSION = YES;
				CLANG_WARN_NON_LITERAL_NULL_CONVERSION = YES;
				CLANG_WARN_OBJC_IMPLICIT_RETAIN_SELF = YES;
				CLANG_WARN_OBJC_LITERAL_CONVERSION = YES;
				CLANG_WARN_OBJC_ROOT_CLASS = YES_ERROR;
				CLANG_WARN_RANGE_LOOP_ANALYSIS = YES;
				CLANG_WARN_STRICT_PROTOTYPES = YES;
				CLANG_WARN_SUSPICIOUS_MOVE = YES;
				CLANG_WARN_UNGUARDED_AVAILABILITY = YES_AGGRESSIVE;
				CLANG_WARN_UNREACHABLE_CODE = YES;
				CLANG_WARN__DUPLICATE_METHOD_MATCH = YES;
				CODE_SIGN_IDENTITY = "Mac Developer";
				COPY_PHASE_STRIP = NO;
				DEBUG_INFORMATION_FORMAT = "dwarf-with-dsym";
				ENABLE_NS_ASSERTIONS = NO;
				ENABLE_STRICT_OBJC_MSGSEND = YES;
				GCC_C_LANGUAGE_STANDARD = gnu11;
				GCC_NO_COMMON_BLOCKS = YES;
				GCC_WARN_64_TO_32_BIT_CONVERSION = YES;
				GCC_WARN_ABOUT_RETURN_TYPE = YES_ERROR;
				GCC_WARN_UNDECLARED_SELECTOR = YES;
				GCC_WARN_UNINITIALIZED_AUTOS = YES_AGGRESSIVE;
				GCC_WARN_UNUSED_FUNCTION = YES;
				GCC_WARN_UNUSED_VARIABLE = YES;
				MACOSX_DEPLOYMENT_TARGET = 10.14;
				MTL_ENABLE_DEBUG_INFO = NO;
				MTL_FAST_MATH = YES;
				SDKROOT = macosx;
				SWIFT_COMPILATION_MODE = wholemodule;
				SWIFT_OPTIMIZATION_LEVEL = "-O";
			};
			name = Release;
		};
		57E484A52267349C000A2AF7 /* Debug */ = {
			isa = XCBuildConfiguration;
			buildSettings = {
				ASSETCATALOG_COMPILER_APPICON_NAME = AppIcon;
				CODE_SIGN_ENTITLEMENTS = MacYUV/MacYUV.entitlements;
				CODE_SIGN_STYLE = Automatic;
				COMBINE_HIDPI_IMAGES = YES;
				DEVELOPMENT_TEAM = 9FY6WA76LN;
				FRAMEWORK_SEARCH_PATHS = (
					"$(inherited)",
					"$(USER_LIBRARY_DIR)/Frameworks",
				);
				INFOPLIST_FILE = MacYUV/Info.plist;
				LD_RUNPATH_SEARCH_PATHS = (
					"$(inherited)",
					"@executable_path/../Frameworks",
				);
				PRODUCT_BUNDLE_IDENTIFIER = com.mtdcy.MacYUV;
				PRODUCT_NAME = "$(TARGET_NAME)";
				SWIFT_OBJC_BRIDGING_HEADER = MacYUV/Header.h;
				SWIFT_VERSION = 5.0;
			};
			name = Debug;
		};
		57E484A62267349C000A2AF7 /* Release */ = {
			isa = XCBuildConfiguration;
			buildSettings = {
				ASSETCATALOG_COMPILER_APPICON_NAME = AppIcon;
				CODE_SIGN_ENTITLEMENTS = MacYUV/MacYUV.entitlements;
				CODE_SIGN_STYLE = Automatic;
				COMBINE_HIDPI_IMAGES = YES;
				DEVELOPMENT_TEAM = 9FY6WA76LN;
				FRAMEWORK_SEARCH_PATHS = (
					"$(inherited)",
					"$(USER_LIBRARY_DIR)/Frameworks",
				);
				INFOPLIST_FILE = MacYUV/Info.plist;
				LD_RUNPATH_SEARCH_PATHS = (
					"$(inherited)",
					"@executable_path/../Frameworks",
				);
				PRODUCT_BUNDLE_IDENTIFIER = com.mtdcy.MacYUV;
				PRODUCT_NAME = "$(TARGET_NAME)";
				SWIFT_OBJC_BRIDGING_HEADER = MacYUV/Header.h;
				SWIFT_VERSION = 5.0;
			};
			name = Release;
		};
/* End XCBuildConfiguration section */

/* Begin XCConfigurationList section */
		57E4848F2267349B000A2AF7 /* Build configuration list for PBXProject "YUVPlayer" */ = {
			isa = XCConfigurationList;
			buildConfigurations = (
				57E484A22267349C000A2AF7 /* Debug */,
				57E484A32267349C000A2AF7 /* Release */,
			);
			defaultConfigurationIsVisible = 0;
			defaultConfigurationName = Release;
		};
		57E484A42267349C000A2AF7 /* Build configuration list for PBXNativeTarget "YUVPlayer" */ = {
			isa = XCConfigurationList;
			buildConfigurations = (
				57E484A52267349C000A2AF7 /* Debug */,
				57E484A62267349C000A2AF7 /* Release */,
			);
			defaultConfigurationIsVisible = 0;
			defaultConfigurationName = Release;
		};
/* End XCConfigurationList section */
	};
	rootObject = 57E4848C2267349B000A2AF7 /* Project object */;
}
