// !$*UTF8*$!
{
	archiveVersion = 1;
	classes = {
	};
	objectVersion = 51;
	objects = {

/* Begin PBXBuildFile section */
		5750AACC22634CC800A956D9 /* AppDelegate.swift in Sources */ = {isa = PBXBuildFile; fileRef = 5750AACB22634CC800A956D9 /* AppDelegate.swift */; };
		5750AACE22634CC800A956D9 /* ViewController.swift in Sources */ = {isa = PBXBuildFile; fileRef = 5750AACD22634CC800A956D9 /* ViewController.swift */; };
		5750AAD222634CC800A956D9 /* Assets.xcassets in Resources */ = {isa = PBXBuildFile; fileRef = 5750AAD122634CC800A956D9 /* Assets.xcassets */; };
		5750AAD522634CC800A956D9 /* Main.storyboard in Resources */ = {isa = PBXBuildFile; fileRef = 5750AAD322634CC800A956D9 /* Main.storyboard */; };
		5750AAE022634CE600A956D9 /* ABE.framework in Frameworks */ = {isa = PBXBuildFile; fileRef = 5750AADE22634CE600A956D9 /* ABE.framework */; };
		5750AAE122634CE600A956D9 /* MediaFramework.framework in Frameworks */ = {isa = PBXBuildFile; fileRef = 5750AADF22634CE600A956D9 /* MediaFramework.framework */; };
		5750AAE322634CF700A956D9 /* ABE.framework in Copy Frameworks */ = {isa = PBXBuildFile; fileRef = 5750AADE22634CE600A956D9 /* ABE.framework */; settings = {ATTRIBUTES = (CodeSignOnCopy, RemoveHeadersOnCopy, ); }; };
		5750AAE422634CF700A956D9 /* MediaFramework.framework in Copy Frameworks */ = {isa = PBXBuildFile; fileRef = 5750AADF22634CE600A956D9 /* MediaFramework.framework */; settings = {ATTRIBUTES = (CodeSignOnCopy, RemoveHeadersOnCopy, ); }; };
/* End PBXBuildFile section */

/* Begin PBXCopyFilesBuildPhase section */
		5750AAE222634CEE00A956D9 /* Copy Frameworks */ = {
			isa = PBXCopyFilesBuildPhase;
			buildActionMask = 8;
			dstPath = "";
			dstSubfolderSpec = 10;
			files = (
				5750AAE322634CF700A956D9 /* ABE.framework in Copy Frameworks */,
				5750AAE422634CF700A956D9 /* MediaFramework.framework in Copy Frameworks */,
			);
			name = "Copy Frameworks";
			runOnlyForDeploymentPostprocessing = 1;
		};
/* End PBXCopyFilesBuildPhase section */

/* Begin PBXFileReference section */
		5750AAC822634CC800A956D9 /* YUV.app */ = {isa = PBXFileReference; explicitFileType = wrapper.application; includeInIndex = 0; path = YUV.app; sourceTree = BUILT_PRODUCTS_DIR; };
		5750AACB22634CC800A956D9 /* AppDelegate.swift */ = {isa = PBXFileReference; lastKnownFileType = sourcecode.swift; path = AppDelegate.swift; sourceTree = "<group>"; };
		5750AACD22634CC800A956D9 /* ViewController.swift */ = {isa = PBXFileReference; lastKnownFileType = sourcecode.swift; path = ViewController.swift; sourceTree = "<group>"; };
		5750AAD122634CC800A956D9 /* Assets.xcassets */ = {isa = PBXFileReference; lastKnownFileType = folder.assetcatalog; path = Assets.xcassets; sourceTree = "<group>"; };
		5750AAD422634CC800A956D9 /* Base */ = {isa = PBXFileReference; lastKnownFileType = file.storyboard; name = Base; path = Base.lproj/Main.storyboard; sourceTree = "<group>"; };
		5750AAD622634CC800A956D9 /* Info.plist */ = {isa = PBXFileReference; lastKnownFileType = text.plist.xml; path = Info.plist; sourceTree = "<group>"; };
		5750AAD722634CC800A956D9 /* YUVViewer.entitlements */ = {isa = PBXFileReference; lastKnownFileType = text.plist.entitlements; path = YUVViewer.entitlements; sourceTree = "<group>"; };
		5750AADE22634CE600A956D9 /* ABE.framework */ = {isa = PBXFileReference; lastKnownFileType = wrapper.framework; name = ABE.framework; path = ../../Library/Frameworks/ABE.framework; sourceTree = "<group>"; };
		5750AADF22634CE600A956D9 /* MediaFramework.framework */ = {isa = PBXFileReference; lastKnownFileType = wrapper.framework; name = MediaFramework.framework; path = ../../Library/Frameworks/MediaFramework.framework; sourceTree = "<group>"; };
		5750AAE522634EEC00A956D9 /* Header.h */ = {isa = PBXFileReference; lastKnownFileType = sourcecode.c.h; path = Header.h; sourceTree = "<group>"; };
		5750AAE62263BCEA00A956D9 /* YUV.entitlements */ = {isa = PBXFileReference; lastKnownFileType = text.plist.entitlements; path = YUV.entitlements; sourceTree = "<group>"; };
/* End PBXFileReference section */

/* Begin PBXFrameworksBuildPhase section */
		5750AAC522634CC800A956D9 /* Frameworks */ = {
			isa = PBXFrameworksBuildPhase;
			buildActionMask = 2147483647;
			files = (
				5750AAE022634CE600A956D9 /* ABE.framework in Frameworks */,
				5750AAE122634CE600A956D9 /* MediaFramework.framework in Frameworks */,
			);
			runOnlyForDeploymentPostprocessing = 0;
		};
/* End PBXFrameworksBuildPhase section */

/* Begin PBXGroup section */
		5750AABF22634CC800A956D9 = {
			isa = PBXGroup;
			children = (
				5750AAE62263BCEA00A956D9 /* YUV.entitlements */,
				5750AACA22634CC800A956D9 /* YUVViewer */,
				5750AAC922634CC800A956D9 /* Products */,
				5750AADD22634CE600A956D9 /* Frameworks */,
			);
			sourceTree = "<group>";
		};
		5750AAC922634CC800A956D9 /* Products */ = {
			isa = PBXGroup;
			children = (
				5750AAC822634CC800A956D9 /* YUV.app */,
			);
			name = Products;
			sourceTree = "<group>";
		};
		5750AACA22634CC800A956D9 /* YUVViewer */ = {
			isa = PBXGroup;
			children = (
				5750AACB22634CC800A956D9 /* AppDelegate.swift */,
				5750AACD22634CC800A956D9 /* ViewController.swift */,
				5750AAE522634EEC00A956D9 /* Header.h */,
				5750AAD122634CC800A956D9 /* Assets.xcassets */,
				5750AAD322634CC800A956D9 /* Main.storyboard */,
				5750AAD622634CC800A956D9 /* Info.plist */,
				5750AAD722634CC800A956D9 /* YUVViewer.entitlements */,
			);
			path = YUVViewer;
			sourceTree = "<group>";
		};
		5750AADD22634CE600A956D9 /* Frameworks */ = {
			isa = PBXGroup;
			children = (
				5750AADE22634CE600A956D9 /* ABE.framework */,
				5750AADF22634CE600A956D9 /* MediaFramework.framework */,
			);
			name = Frameworks;
			sourceTree = "<group>";
		};
/* End PBXGroup section */

/* Begin PBXNativeTarget section */
		5750AAC722634CC800A956D9 /* YUV */ = {
			isa = PBXNativeTarget;
			buildConfigurationList = 5750AADA22634CC800A956D9 /* Build configuration list for PBXNativeTarget "YUV" */;
			buildPhases = (
				5750AAC422634CC800A956D9 /* Sources */,
				5750AAC522634CC800A956D9 /* Frameworks */,
				5750AAC622634CC800A956D9 /* Resources */,
				5750AAE222634CEE00A956D9 /* Copy Frameworks */,
			);
			buildRules = (
			);
			dependencies = (
			);
			name = YUV;
			productName = YUVViewer;
			productReference = 5750AAC822634CC800A956D9 /* YUV.app */;
			productType = "com.apple.product-type.application";
		};
/* End PBXNativeTarget section */

/* Begin PBXProject section */
		5750AAC022634CC800A956D9 /* Project object */ = {
			isa = PBXProject;
			attributes = {
				LastSwiftUpdateCheck = 1020;
				LastUpgradeCheck = 1020;
				ORGANIZATIONNAME = "Chen Fang";
				TargetAttributes = {
					5750AAC722634CC800A956D9 = {
						CreatedOnToolsVersion = 10.2;
						SystemCapabilities = {
							com.apple.Sandbox = {
								enabled = 1;
							};
						};
					};
				};
			};
			buildConfigurationList = 5750AAC322634CC800A956D9 /* Build configuration list for PBXProject "YUV" */;
			compatibilityVersion = "Xcode 10.0";
			developmentRegion = en;
			hasScannedForEncodings = 0;
			knownRegions = (
				en,
				Base,
			);
			mainGroup = 5750AABF22634CC800A956D9;
			productRefGroup = 5750AAC922634CC800A956D9 /* Products */;
			projectDirPath = "";
			projectRoot = "";
			targets = (
				5750AAC722634CC800A956D9 /* YUV */,
			);
		};
/* End PBXProject section */

/* Begin PBXResourcesBuildPhase section */
		5750AAC622634CC800A956D9 /* Resources */ = {
			isa = PBXResourcesBuildPhase;
			buildActionMask = 2147483647;
			files = (
				5750AAD222634CC800A956D9 /* Assets.xcassets in Resources */,
				5750AAD522634CC800A956D9 /* Main.storyboard in Resources */,
			);
			runOnlyForDeploymentPostprocessing = 0;
		};
/* End PBXResourcesBuildPhase section */

/* Begin PBXSourcesBuildPhase section */
		5750AAC422634CC800A956D9 /* Sources */ = {
			isa = PBXSourcesBuildPhase;
			buildActionMask = 2147483647;
			files = (
				5750AACE22634CC800A956D9 /* ViewController.swift in Sources */,
				5750AACC22634CC800A956D9 /* AppDelegate.swift in Sources */,
			);
			runOnlyForDeploymentPostprocessing = 0;
		};
/* End PBXSourcesBuildPhase section */

/* Begin PBXVariantGroup section */
		5750AAD322634CC800A956D9 /* Main.storyboard */ = {
			isa = PBXVariantGroup;
			children = (
				5750AAD422634CC800A956D9 /* Base */,
			);
			name = Main.storyboard;
			sourceTree = "<group>";
		};
/* End PBXVariantGroup section */

/* Begin XCBuildConfiguration section */
		5750AAD822634CC800A956D9 /* Debug */ = {
			isa = XCBuildConfiguration;
			buildSettings = {
				ALWAYS_SEARCH_USER_PATHS = NO;
				CLANG_ANALYZER_NONNULL = YES;
				CLANG_ANALYZER_NUMBER_OBJECT_CONVERSION = YES_AGGRESSIVE;
				CLANG_CXX_LANGUAGE_STANDARD = "gnu++14";
				CLANG_CXX_LIBRARY = "libc++";
				CLANG_ENABLE_MODULES = YES;
				CLANG_ENABLE_OBJC_ARC = YES;
				CLANG_ENABLE_OBJC_WEAK = YES;
				CLANG_WARN_BLOCK_CAPTURE_AUTORELEASING = YES;
				CLANG_WARN_BOOL_CONVERSION = YES;
				CLANG_WARN_COMMA = YES;
				CLANG_WARN_CONSTANT_CONVERSION = YES;
				CLANG_WARN_DEPRECATED_OBJC_IMPLEMENTATIONS = YES;
				CLANG_WARN_DIRECT_OBJC_ISA_USAGE = YES_ERROR;
				CLANG_WARN_DOCUMENTATION_COMMENTS = YES;
				CLANG_WARN_EMPTY_BODY = YES;
				CLANG_WARN_ENUM_CONVERSION = YES;
				CLANG_WARN_INFINITE_RECURSION = YES;
				CLANG_WARN_INT_CONVERSION = YES;
				CLANG_WARN_NON_LITERAL_NULL_CONVERSION = YES;
				CLANG_WARN_OBJC_IMPLICIT_RETAIN_SELF = YES;
				CLANG_WARN_OBJC_LITERAL_CONVERSION = YES;
				CLANG_WARN_OBJC_ROOT_CLASS = YES_ERROR;
				CLANG_WARN_RANGE_LOOP_ANALYSIS = YES;
				CLANG_WARN_STRICT_PROTOTYPES = YES;
				CLANG_WARN_SUSPICIOUS_MOVE = YES;
				CLANG_WARN_UNGUARDED_AVAILABILITY = YES_AGGRESSIVE;
				CLANG_WARN_UNREACHABLE_CODE = YES;
				CLANG_WARN__DUPLICATE_METHOD_MATCH = YES;
				CODE_SIGN_IDENTITY = "Mac Developer";
				COPY_PHASE_STRIP = NO;
				DEBUG_INFORMATION_FORMAT = dwarf;
				ENABLE_STRICT_OBJC_MSGSEND = YES;
				ENABLE_TESTABILITY = YES;
				GCC_C_LANGUAGE_STANDARD = gnu11;
				GCC_DYNAMIC_NO_PIC = NO;
				GCC_NO_COMMON_BLOCKS = YES;
				GCC_OPTIMIZATION_LEVEL = 0;
				GCC_PREPROCESSOR_DEFINITIONS = (
					"DEBUG=1",
					"$(inherited)",
				);
				GCC_WARN_64_TO_32_BIT_CONVERSION = YES;
				GCC_WARN_ABOUT_RETURN_TYPE = YES_ERROR;
				GCC_WARN_UNDECLARED_SELECTOR = YES;
				GCC_WARN_UNINITIALIZED_AUTOS = YES_AGGRESSIVE;
				GCC_WARN_UNUSED_FUNCTION = YES;
				GCC_WARN_UNUSED_VARIABLE = YES;
				MACOSX_DEPLOYMENT_TARGET = 10.8;
				MTL_ENABLE_DEBUG_INFO = INCLUDE_SOURCE;
				MTL_FAST_MATH = YES;
				ONLY_ACTIVE_ARCH = YES;
				SDKROOT = macosx;
				SWIFT_ACTIVE_COMPILATION_CONDITIONS = DEBUG;
				SWIFT_OPTIMIZATION_LEVEL = "-Onone";
			};
			name = Debug;
		};
		5750AAD922634CC800A956D9 /* Release */ = {
			isa = XCBuildConfiguration;
			buildSettings = {
				ALWAYS_SEARCH_USER_PATHS = NO;
				CLANG_ANALYZER_NONNULL = YES;
				CLANG_ANALYZER_NUMBER_OBJECT_CONVERSION = YES_AGGRESSIVE;
				CLANG_CXX_LANGUAGE_STANDARD = "gnu++14";
				CLANG_CXX_LIBRARY = "libc++";
				CLANG_ENABLE_MODULES = YES;
				CLANG_ENABLE_OBJC_ARC = YES;
				CLANG_ENABLE_OBJC_WEAK = YES;
				CLANG_WARN_BLOCK_CAPTURE_AUTORELEASING = YES;
				CLANG_WARN_BOOL_CONVERSION = YES;
				CLANG_WARN_COMMA = YES;
				CLANG_WARN_CONSTANT_CONVERSION = YES;
				CLANG_WARN_DEPRECATED_OBJC_IMPLEMENTATIONS = YES;
				CLANG_WARN_DIRECT_OBJC_ISA_USAGE = YES_ERROR;
				CLANG_WARN_DOCUMENTATION_COMMENTS = YES;
				CLANG_WARN_EMPTY_BODY = YES;
				CLANG_WARN_ENUM_CONVERSION = YES;
				CLANG_WARN_INFINITE_RECURSION = YES;
				CLANG_WARN_INT_CONVERSION = YES;
				CLANG_WARN_NON_LITERAL_NULL_CONVERSION = YES;
				CLANG_WARN_OBJC_IMPLICIT_RETAIN_SELF = YES;
				CLANG_WARN_OBJC_LITERAL_CONVERSION = YES;
				CLANG_WARN_OBJC_ROOT_CLASS = YES_ERROR;
				CLANG_WARN_RANGE_LOOP_ANALYSIS = YES;
				CLANG_WARN_STRICT_PROTOTYPES = YES;
				CLANG_WARN_SUSPICIOUS_MOVE = YES;
				CLANG_WARN_UNGUARDED_AVAILABILITY = YES_AGGRESSIVE;
				CLANG_WARN_UNREACHABLE_CODE = YES;
				CLANG_WARN__DUPLICATE_METHOD_MATCH = YES;
				CODE_SIGN_IDENTITY = "Mac Developer";
				COPY_PHASE_STRIP = NO;
				DEBUG_INFORMATION_FORMAT = "dwarf-with-dsym";
				ENABLE_NS_ASSERTIONS = NO;
				ENABLE_STRICT_OBJC_MSGSEND = YES;
				GCC_C_LANGUAGE_STANDARD = gnu11;
				GCC_NO_COMMON_BLOCKS = YES;
				GCC_WARN_64_TO_32_BIT_CONVERSION = YES;
				GCC_WARN_ABOUT_RETURN_TYPE = YES_ERROR;
				GCC_WARN_UNDECLARED_SELECTOR = YES;
				GCC_WARN_UNINITIALIZED_AUTOS = YES_AGGRESSIVE;
				GCC_WARN_UNUSED_FUNCTION = YES;
				GCC_WARN_UNUSED_VARIABLE = YES;
				MACOSX_DEPLOYMENT_TARGET = 10.8;
				MTL_ENABLE_DEBUG_INFO = NO;
				MTL_FAST_MATH = YES;
				SDKROOT = macosx;
				SWIFT_COMPILATION_MODE = wholemodule;
				SWIFT_OPTIMIZATION_LEVEL = "-O";
			};
			name = Release;
		};
		5750AADB22634CC800A956D9 /* Debug */ = {
			isa = XCBuildConfiguration;
			buildSettings = {
				ASSETCATALOG_COMPILER_APPICON_NAME = AppIcon;
				CODE_SIGN_ENTITLEMENTS = YUV.entitlements;
				CODE_SIGN_STYLE = Automatic;
				COMBINE_HIDPI_IMAGES = YES;
				DEVELOPMENT_TEAM = 9FY6WA76LN;
				FRAMEWORK_SEARCH_PATHS = (
					"$(inherited)",
					"$(USER_LIBRARY_DIR)/Frameworks",
				);
				INFOPLIST_FILE = YUVViewer/Info.plist;
				LD_RUNPATH_SEARCH_PATHS = (
					"$(inherited)",
					"@executable_path/../Frameworks",
				);
				MACOSX_DEPLOYMENT_TARGET = 10.10;
				PRODUCT_BUNDLE_IDENTIFIER = com.mtdcy.YUVViewer;
				PRODUCT_NAME = "$(TARGET_NAME)";
				SWIFT_OBJC_BRIDGING_HEADER = YUVViewer/Header.h;
				SWIFT_VERSION = 5.0;
			};
			name = Debug;
		};
		5750AADC22634CC800A956D9 /* Release */ = {
			isa = XCBuildConfiguration;
			buildSettings = {
				ASSETCATALOG_COMPILER_APPICON_NAME = AppIcon;
				CODE_SIGN_ENTITLEMENTS = YUV.entitlements;
				CODE_SIGN_STYLE = Automatic;
				COMBINE_HIDPI_IMAGES = YES;
				DEVELOPMENT_TEAM = 9FY6WA76LN;
				FRAMEWORK_SEARCH_PATHS = (
					"$(inherited)",
					"$(USER_LIBRARY_DIR)/Frameworks",
				);
				INFOPLIST_FILE = YUVViewer/Info.plist;
				LD_RUNPATH_SEARCH_PATHS = (
					"$(inherited)",
					"@executable_path/../Frameworks",
				);
				MACOSX_DEPLOYMENT_TARGET = 10.10;
				PRODUCT_BUNDLE_IDENTIFIER = com.mtdcy.YUVViewer;
				PRODUCT_NAME = "$(TARGET_NAME)";
				SWIFT_OBJC_BRIDGING_HEADER = YUVViewer/Header.h;
				SWIFT_VERSION = 5.0;
			};
			name = Release;
		};
/* End XCBuildConfiguration section */

/* Begin XCConfigurationList section */
		5750AAC322634CC800A956D9 /* Build configuration list for PBXProject "YUV" */ = {
			isa = XCConfigurationList;
			buildConfigurations = (
				5750AAD822634CC800A956D9 /* Debug */,
				5750AAD922634CC800A956D9 /* Release */,
			);
			defaultConfigurationIsVisible = 0;
			defaultConfigurationName = Release;
		};
		5750AADA22634CC800A956D9 /* Build configuration list for PBXNativeTarget "YUV" */ = {
			isa = XCConfigurationList;
			buildConfigurations = (
				5750AADB22634CC800A956D9 /* Debug */,
				5750AADC22634CC800A956D9 /* Release */,
			);
			defaultConfigurationIsVisible = 0;
			defaultConfigurationName = Release;
		};
/* End XCConfigurationList section */
	};
	rootObject = 5750AAC022634CC800A956D9 /* Project object */;
}
